
Microsoft Visual Studio Solution File, Format Version 12.00
Project("{F2A71F9B-5D33-465A-A702-920D77279786}") = "ProjectA", "ProjectA\ProjectA.fsproj", "{1BAA5D18-EA87-442B-9FE7-521E99EBC8F6}"
EndProject
Project("{F2A71F9B-5D33-465A-A702-920D77279786}") = "ProjectB", "ProjectB\ProjectB.fsproj", "{BCC11A47-CC04-4F21-BFF6-89C245337E49}"
EndProject
Global
	GlobalSection(SolutionConfigurationPlatforms) = preSolution
		Debug|Any CPU = Debug|Any CPU
		Release|Any CPU = Release|Any CPU
	EndGlobalSection
	GlobalSection(ProjectConfigurationPlatforms) = postSolution
		{1BAA5D18-EA87-442B-9FE7-521E99EBC8F6}.Debug|Any CPU.ActiveCfg = Debug|Any CPU
		{1BAA5D18-EA87-442B-9FE7-521E99EBC8F6}.Debug|Any CPU.Build.0 = Debug|Any CPU
		{1BAA5D18-EA87-442B-9FE7-521E99EBC8F6}.Release|Any CPU.ActiveCfg = Release|Any CPU
		{1BAA5D18-EA87-442B-9FE7-521E99EBC8F6}.Release|Any CPU.Build.0 = Release|Any CPU
		{BCC11A47-CC04-4F21-BFF6-89C245337E49}.Debug|Any CPU.ActiveCfg = Debug|Any CPU
		{BCC11A47-CC04-4F21-BFF6-89C245337E49}.Debug|Any CPU.Build.0 = Debug|Any CPU
		{BCC11A47-CC04-4F21-BFF6-89C245337E49}.Release|Any CPU.ActiveCfg = Release|Any CPU
		{BCC11A47-CC04-4F21-BFF6-89C245337E49}.Release|Any CPU.Build.0 = Release|Any CPU
	EndGlobalSection
EndGlobal
